<?xml version="1.0" encoding="utf-8"?>
<Project ToolsVersion="4.0" xmlns:atg="http://atg.xbox.com" xmlns="http://schemas.microsoft.com/developer/msbuild/2003">
  <ItemGroup>
    <Filter Include="Resource Files">
      <UniqueIdentifier>{8e114980-c1a3-4ada-ad7c-83caadf5daeb}</UniqueIdentifier>
      <Extensions>rc;ico;cur;bmp;dlg;rc2;rct;bin;rgs;gif;jpg;jpeg;jpe</Extensions>
    </Filter>
    <Filter Include="DXUT">
      <UniqueIdentifier>{a43c5c25-0e86-4a20-b64a-883785ff74fd}</UniqueIdentifier>
    </Filter>
    <Filter Include="Shaders">
      <UniqueIdentifier>{2c3d4c8c-5d1a-459a-a05a-a4e4b608a44e}</UniqueIdentifier>
      <Extensions>fx;fxh;hlsl</Extensions>
    </Filter>
    <Filter Include="MainGame">
      <UniqueIdentifier>{3b891410-0f87-4910-9a5d-5e0fd165df2a}</UniqueIdentifier>
    </Filter>
    <Filter Include="Game">
      <UniqueIdentifier>{452f1c32-5f3e-427f-a709-d904b135e461}</UniqueIdentifier>
    </Filter>
    <Filter Include="Game\Objects">
      <UniqueIdentifier>{e178191d-0bc8-48a9-b290-57153e9534b0}</UniqueIdentifier>
    </Filter>
    <Filter Include="Managers">
      <UniqueIdentifier>{7dabbebf-d2a0-4777-8a93-4e1107e72360}</UniqueIdentifier>
    </Filter>
    <Filter Include="Managers\Image">
      <UniqueIdentifier>{f8d4b0c8-00e9-4f3a-b71a-b793197665a4}</UniqueIdentifier>
    </Filter>
    <Filter Include="Managers\Scene">
      <UniqueIdentifier>{0d139216-55ff-4fbb-96e5-e431562d57eb}</UniqueIdentifier>
    </Filter>
    <Filter Include="Managers\Object">
      <UniqueIdentifier>{b5355c42-691f-4a79-bb87-9a939fd629c2}</UniqueIdentifier>
    </Filter>
    <Filter Include="Managers\Object\Collider">
      <UniqueIdentifier>{f788c313-6d9e-4fe3-b298-92bed7e13848}</UniqueIdentifier>
    </Filter>
    <Filter Include="Game\Scenes">
      <UniqueIdentifier>{841427d2-2ec5-43fc-99d4-ee6270f5554c}</UniqueIdentifier>
    </Filter>
    <Filter Include="Managers\Timer">
      <UniqueIdentifier>{85b275a8-dd46-40d5-a7f6-0234a0630d91}</UniqueIdentifier>
    </Filter>
    <Filter Include="Managers\Camera">
      <UniqueIdentifier>{0fd4fbc4-deac-4a67-b34f-69bebc815ee2}</UniqueIdentifier>
    </Filter>
  </ItemGroup>
  <ItemGroup>
    <None Include="DXUT\Optional\directx.ico">
      <Filter>Resource Files</Filter>
    </None>
    <ClInclude Include="DXUT\Core\DXUT.h">
      <Filter>DXUT</Filter>
    </ClInclude>
    <ClInclude Include="DXUT\Core\DXUTenum.h">
      <Filter>DXUT</Filter>
    </ClInclude>
    <ClInclude Include="DXUT\Core\DXUTmisc.h">
      <Filter>DXUT</Filter>
    </ClInclude>
    <ClCompile Include="DXUT\Core\DXUT.cpp">
      <Filter>DXUT</Filter>
    </ClCompile>
    <ClCompile Include="DXUT\Core\DXUTenum.cpp">
      <Filter>DXUT</Filter>
    </ClCompile>
    <ClCompile Include="DXUT\Core\DXUTmisc.cpp">
      <Filter>DXUT</Filter>
    </ClCompile>
    <ClInclude Include="DXUT\Optional\DXUTcamera.h">
      <Filter>DXUT</Filter>
    </ClInclude>
    <ClInclude Include="DXUT\Optional\DXUTgui.h">
      <Filter>DXUT</Filter>
    </ClInclude>
    <ClInclude Include="DXUT\Optional\DXUTres.h">
      <Filter>DXUT</Filter>
    </ClInclude>
    <ClInclude Include="DXUT\Optional\DXUTsettingsdlg.h">
      <Filter>DXUT</Filter>
    </ClInclude>
    <ClInclude Include="DXUT\Optional\SDKmesh.h">
      <Filter>DXUT</Filter>
    </ClInclude>
    <ClInclude Include="DXUT\Optional\SDKmisc.h">
      <Filter>DXUT</Filter>
    </ClInclude>
    <ClCompile Include="DXUT\Optional\DXUTcamera.cpp">
      <Filter>DXUT</Filter>
    </ClCompile>
    <ClCompile Include="DXUT\Optional\DXUTgui.cpp">
      <Filter>DXUT</Filter>
    </ClCompile>
    <ClCompile Include="DXUT\Optional\DXUTres.cpp">
      <Filter>DXUT</Filter>
    </ClCompile>
    <ClCompile Include="DXUT\Optional\DXUTsettingsdlg.cpp">
      <Filter>DXUT</Filter>
    </ClCompile>
    <ClCompile Include="DXUT\Optional\SDKmesh.cpp">
      <Filter>DXUT</Filter>
    </ClCompile>
    <ClCompile Include="DXUT\Optional\SDKmisc.cpp">
      <Filter>DXUT</Filter>
    </ClCompile>
  </ItemGroup>
  <ItemGroup>
    <ClCompile Include="EmptyProject.cpp" />
    <ClCompile Include="ImageManager.cpp">
      <Filter>Managers\Image</Filter>
    </ClCompile>
    <ClCompile Include="MainGame.cpp">
      <Filter>MainGame</Filter>
    </ClCompile>
    <ClCompile Include="SceneManager.cpp">
      <Filter>Managers\Scene</Filter>
    </ClCompile>
    <ClCompile Include="Scene.cpp">
      <Filter>Managers\Scene</Filter>
    </ClCompile>
    <ClCompile Include="Object.cpp">
      <Filter>Managers\Object</Filter>
    </ClCompile>
    <ClCompile Include="ObjectManager.cpp">
      <Filter>Managers\Object</Filter>
    </ClCompile>
    <ClCompile Include="Collider.cpp">
      <Filter>Managers\Object\Collider</Filter>
    </ClCompile>
    <ClCompile Include="Timer.cpp">
      <Filter>Managers\Timer</Filter>
    </ClCompile>
    <ClCompile Include="IngameScene.cpp">
      <Filter>Game\Scenes</Filter>
    </ClCompile>
    <ClCompile Include="ScrollMap.cpp">
      <Filter>Game\Objects</Filter>
    </ClCompile>
    <ClCompile Include="Player.cpp">
      <Filter>Game\Objects</Filter>
    </ClCompile>
    <ClCompile Include="PlayerBullet.cpp">
      <Filter>Game\Objects</Filter>
    </ClCompile>
    <ClCompile Include="Enemy.cpp">
      <Filter>Game\Objects</Filter>
    </ClCompile>
    <ClCompile Include="EnemyBullet.cpp">
      <Filter>Game\Objects</Filter>
    </ClCompile>
    <ClCompile Include="Ammo.cpp">
      <Filter>Game\Objects</Filter>
    </ClCompile>
    <ClCompile Include="cCameraManager.cpp">
      <Filter>Managers\Camera</Filter>
    </ClCompile>
    <ClCompile Include="Boss.cpp">
      <Filter>Game\Objects</Filter>
    </ClCompile>
    <ClCompile Include="TitleScene.cpp">
      <Filter>Game\Scenes</Filter>
    </ClCompile>
    <ClCompile Include="Boss2.cpp">
      <Filter>Game\Objects</Filter>
    </ClCompile>
    <ClCompile Include="Missiles.cpp">
      <Filter>Game\Objects</Filter>
    </ClCompile>
    <ClCompile Include="GameOverScene.cpp">
      <Filter>Game\Scenes</Filter>
    </ClCompile>
  </ItemGroup>
  <ItemGroup>
    <ClInclude Include="stdafx.h" />
    <ClInclude Include="singleton.h">
      <Filter>Managers</Filter>
    </ClInclude>
    <ClInclude Include="ImageManager.h">
      <Filter>Managers\Image</Filter>
    </ClInclude>
    <ClInclude Include="MainGame.h">
      <Filter>MainGame</Filter>
    </ClInclude>
    <ClInclude Include="SceneManager.h">
      <Filter>Managers\Scene</Filter>
    </ClInclude>
    <ClInclude Include="Scene.h">
      <Filter>Managers\Scene</Filter>
    </ClInclude>
    <ClInclude Include="Object.h">
      <Filter>Managers\Object</Filter>
    </ClInclude>
    <ClInclude Include="ObjectManager.h">
      <Filter>Managers\Object</Filter>
    </ClInclude>
    <ClInclude Include="Collider.h">
      <Filter>Managers\Object\Collider</Filter>
    </ClInclude>
    <ClInclude Include="Timer.h">
      <Filter>Managers\Timer</Filter>
    </ClInclude>
    <ClInclude Include="IngameScene.h">
      <Filter>Game\Scenes</Filter>
    </ClInclude>
    <ClInclude Include="ScrollMap.h">
      <Filter>Game\Objects</Filter>
    </ClInclude>
    <ClInclude Include="Player.h">
      <Filter>Game\Objects</Filter>
    </ClInclude>
    <ClInclude Include="PlayerBullet.h">
      <Filter>Game\Objects</Filter>
    </ClInclude>
    <ClInclude Include="Enemy.h">
      <Filter>Game\Objects</Filter>
    </ClInclude>
    <ClInclude Include="EnemyBullet.h">
      <Filter>Game\Objects</Filter>
    </ClInclude>
    <ClInclude Include="Ammo.h">
      <Filter>Game\Objects</Filter>
    </ClInclude>
    <ClInclude Include="cCameraManager.h">
      <Filter>Managers\Camera</Filter>
    </ClInclude>
    <ClInclude Include="Boss.h">
      <Filter>Game\Objects</Filter>
    </ClInclude>
    <ClInclude Include="TitleScene.h">
      <Filter>Game\Scenes</Filter>
    </ClInclude>
    <ClInclude Include="Boss2.h">
      <Filter>Game\Objects</Filter>
    </ClInclude>
    <ClInclude Include="Missiles.h">
      <Filter>Game\Objects</Filter>
    </ClInclude>
    <ClInclude Include="GameOverScene.h">
      <Filter>Game\Scenes</Filter>
    </ClInclude>
  </ItemGroup>
  <ItemGroup>
    <CLInclude Include="resource.h">
      <Filter>Resource Files</Filter>
    </CLInclude>
    <ResourceCompile Include="EmptyProject.rc">
      <Filter>Resource Files</Filter>
    </ResourceCompile>
  </ItemGroup>
  <ItemGroup>
  </ItemGroup>
</Project>